
Microsoft Visual Studio Solution File, Format Version 12.00
# Visual Studio Version 16
VisualStudioVersion = 16.0.31702.278
MinimumVisualStudioVersion = 10.0.40219.1
Project("{FAE04EC0-301F-11D3-BF4B-00C04F79EFBC}") = "pointsLoca", "pointsLoca\pointsLoca.csproj", "{5D49E264-9E1B-4424-9BA8-4CC5C7FA5D7F}"
EndProject
Global
	GlobalSection(SolutionConfigurationPlatforms) = preSolution
		Debug|Any CPU = Debug|Any CPU
		Release|Any CPU = Release|Any CPU
	EndGlobalSection
	GlobalSection(ProjectConfigurationPlatforms) = postSolution
		{5D49E264-9E1B-4424-9BA8-4CC5C7FA5D7F}.Debug|Any CPU.ActiveCfg = Debug|Any CPU
		{5D49E264-9E1B-4424-9BA8-4CC5C7FA5D7F}.Debug|Any CPU.Build.0 = Debug|Any CPU
		{5D49E264-9E1B-4424-9BA8-4CC5C7FA5D7F}.Release|Any CPU.ActiveCfg = Release|Any CPU
		{5D49E264-9E1B-4424-9BA8-4CC5C7FA5D7F}.Release|Any CPU.Build.0 = Release|Any CPU
	EndGlobalSection
	GlobalSection(SolutionProperties) = preSolution
		HideSolutionNode = FALSE
	EndGlobalSection
	GlobalSection(ExtensibilityGlobals) = postSolution
		SolutionGuid = {7E9C6B88-8510-4FB2-8C55-645D5BCECD23}
	EndGlobalSection
EndGlobal
