
Microsoft Visual Studio Solution File, Format Version 12.00
# Visual Studio Version 16
VisualStudioVersion = 16.0.31702.278
MinimumVisualStudioVersion = 10.0.40219.1
Project("{FAE04EC0-301F-11D3-BF4B-00C04F79EFBC}") = "ifelseoparators", "ifelseoparators\ifelseoparators.csproj", "{8D498F20-D3CE-4252-8D75-52F54AFBE8E8}"
EndProject
Global
	GlobalSection(SolutionConfigurationPlatforms) = preSolution
		Debug|Any CPU = Debug|Any CPU
		Release|Any CPU = Release|Any CPU
	EndGlobalSection
	GlobalSection(ProjectConfigurationPlatforms) = postSolution
		{8D498F20-D3CE-4252-8D75-52F54AFBE8E8}.Debug|Any CPU.ActiveCfg = Debug|Any CPU
		{8D498F20-D3CE-4252-8D75-52F54AFBE8E8}.Debug|Any CPU.Build.0 = Debug|Any CPU
		{8D498F20-D3CE-4252-8D75-52F54AFBE8E8}.Release|Any CPU.ActiveCfg = Release|Any CPU
		{8D498F20-D3CE-4252-8D75-52F54AFBE8E8}.Release|Any CPU.Build.0 = Release|Any CPU
	EndGlobalSection
	GlobalSection(SolutionProperties) = preSolution
		HideSolutionNode = FALSE
	EndGlobalSection
	GlobalSection(ExtensibilityGlobals) = postSolution
		SolutionGuid = {7E35D8F6-B56A-44CE-A5D6-30013CA85309}
	EndGlobalSection
EndGlobal
