
Microsoft Visual Studio Solution File, Format Version 12.00
# Visual Studio Version 16
VisualStudioVersion = 16.0.31702.278
MinimumVisualStudioVersion = 10.0.40219.1
Project("{FAE04EC0-301F-11D3-BF4B-00C04F79EFBC}") = "MathsFunctions", "MathsFunctions\MathsFunctions.csproj", "{FB810D12-64C0-4BF9-A7B0-85C63E5BBC03}"
EndProject
Global
	GlobalSection(SolutionConfigurationPlatforms) = preSolution
		Debug|Any CPU = Debug|Any CPU
		Release|Any CPU = Release|Any CPU
	EndGlobalSection
	GlobalSection(ProjectConfigurationPlatforms) = postSolution
		{FB810D12-64C0-4BF9-A7B0-85C63E5BBC03}.Debug|Any CPU.ActiveCfg = Debug|Any CPU
		{FB810D12-64C0-4BF9-A7B0-85C63E5BBC03}.Debug|Any CPU.Build.0 = Debug|Any CPU
		{FB810D12-64C0-4BF9-A7B0-85C63E5BBC03}.Release|Any CPU.ActiveCfg = Release|Any CPU
		{FB810D12-64C0-4BF9-A7B0-85C63E5BBC03}.Release|Any CPU.Build.0 = Release|Any CPU
	EndGlobalSection
	GlobalSection(SolutionProperties) = preSolution
		HideSolutionNode = FALSE
	EndGlobalSection
	GlobalSection(ExtensibilityGlobals) = postSolution
		SolutionGuid = {A3E11866-4F53-4E28-AADE-6F4937D43A76}
	EndGlobalSection
EndGlobal
