
Microsoft Visual Studio Solution File, Format Version 12.00
# Visual Studio Version 16
VisualStudioVersion = 16.0.31702.278
MinimumVisualStudioVersion = 10.0.40219.1
Project("{FAE04EC0-301F-11D3-BF4B-00C04F79EFBC}") = "ProgressBar", "ProgressBar\ProgressBar.csproj", "{C7D5C37A-07D1-40C8-B70D-0ADA889FE125}"
EndProject
Global
	GlobalSection(SolutionConfigurationPlatforms) = preSolution
		Debug|Any CPU = Debug|Any CPU
		Release|Any CPU = Release|Any CPU
	EndGlobalSection
	GlobalSection(ProjectConfigurationPlatforms) = postSolution
		{C7D5C37A-07D1-40C8-B70D-0ADA889FE125}.Debug|Any CPU.ActiveCfg = Debug|Any CPU
		{C7D5C37A-07D1-40C8-B70D-0ADA889FE125}.Debug|Any CPU.Build.0 = Debug|Any CPU
		{C7D5C37A-07D1-40C8-B70D-0ADA889FE125}.Release|Any CPU.ActiveCfg = Release|Any CPU
		{C7D5C37A-07D1-40C8-B70D-0ADA889FE125}.Release|Any CPU.Build.0 = Release|Any CPU
	EndGlobalSection
	GlobalSection(SolutionProperties) = preSolution
		HideSolutionNode = FALSE
	EndGlobalSection
	GlobalSection(ExtensibilityGlobals) = postSolution
		SolutionGuid = {7C6DA0F0-5663-400C-A9DB-BCD45C4BC892}
	EndGlobalSection
EndGlobal
