
Microsoft Visual Studio Solution File, Format Version 12.00
# Visual Studio Version 16
VisualStudioVersion = 16.0.31702.278
MinimumVisualStudioVersion = 10.0.40219.1
Project("{FAE04EC0-301F-11D3-BF4B-00C04F79EFBC}") = "Foreach", "Foreach\Foreach.csproj", "{AF232166-4ABF-43D4-933F-5B5C3892ECD6}"
EndProject
Global
	GlobalSection(SolutionConfigurationPlatforms) = preSolution
		Debug|Any CPU = Debug|Any CPU
		Release|Any CPU = Release|Any CPU
	EndGlobalSection
	GlobalSection(ProjectConfigurationPlatforms) = postSolution
		{AF232166-4ABF-43D4-933F-5B5C3892ECD6}.Debug|Any CPU.ActiveCfg = Debug|Any CPU
		{AF232166-4ABF-43D4-933F-5B5C3892ECD6}.Debug|Any CPU.Build.0 = Debug|Any CPU
		{AF232166-4ABF-43D4-933F-5B5C3892ECD6}.Release|Any CPU.ActiveCfg = Release|Any CPU
		{AF232166-4ABF-43D4-933F-5B5C3892ECD6}.Release|Any CPU.Build.0 = Release|Any CPU
	EndGlobalSection
	GlobalSection(SolutionProperties) = preSolution
		HideSolutionNode = FALSE
	EndGlobalSection
	GlobalSection(ExtensibilityGlobals) = postSolution
		SolutionGuid = {A09805E8-A8A1-460D-B22B-A3903834CB81}
	EndGlobalSection
EndGlobal
