
Microsoft Visual Studio Solution File, Format Version 12.00
# Visual Studio Version 16
VisualStudioVersion = 16.0.31702.278
MinimumVisualStudioVersion = 10.0.40219.1
Project("{FAE04EC0-301F-11D3-BF4B-00C04F79EFBC}") = "MenuStrip_Using", "MenuStrip_Using\MenuStrip_Using.csproj", "{BB89BFEB-4F1C-4001-852B-D7D396F20503}"
EndProject
Global
	GlobalSection(SolutionConfigurationPlatforms) = preSolution
		Debug|Any CPU = Debug|Any CPU
		Release|Any CPU = Release|Any CPU
	EndGlobalSection
	GlobalSection(ProjectConfigurationPlatforms) = postSolution
		{BB89BFEB-4F1C-4001-852B-D7D396F20503}.Debug|Any CPU.ActiveCfg = Debug|Any CPU
		{BB89BFEB-4F1C-4001-852B-D7D396F20503}.Debug|Any CPU.Build.0 = Debug|Any CPU
		{BB89BFEB-4F1C-4001-852B-D7D396F20503}.Release|Any CPU.ActiveCfg = Release|Any CPU
		{BB89BFEB-4F1C-4001-852B-D7D396F20503}.Release|Any CPU.Build.0 = Release|Any CPU
	EndGlobalSection
	GlobalSection(SolutionProperties) = preSolution
		HideSolutionNode = FALSE
	EndGlobalSection
	GlobalSection(ExtensibilityGlobals) = postSolution
		SolutionGuid = {0A71773D-039D-497C-A6C7-77F9380F541C}
	EndGlobalSection
EndGlobal
