
Microsoft Visual Studio Solution File, Format Version 12.00
# Visual Studio Version 16
VisualStudioVersion = 16.0.31702.278
MinimumVisualStudioVersion = 10.0.40219.1
Project("{FAE04EC0-301F-11D3-BF4B-00C04F79EFBC}") = "FormlarArasiGecis", "FormlarArasiGecis\FormlarArasiGecis.csproj", "{A3D6BB06-3D92-4884-B760-993386C13E17}"
EndProject
Global
	GlobalSection(SolutionConfigurationPlatforms) = preSolution
		Debug|Any CPU = Debug|Any CPU
		Release|Any CPU = Release|Any CPU
	EndGlobalSection
	GlobalSection(ProjectConfigurationPlatforms) = postSolution
		{A3D6BB06-3D92-4884-B760-993386C13E17}.Debug|Any CPU.ActiveCfg = Debug|Any CPU
		{A3D6BB06-3D92-4884-B760-993386C13E17}.Debug|Any CPU.Build.0 = Debug|Any CPU
		{A3D6BB06-3D92-4884-B760-993386C13E17}.Release|Any CPU.ActiveCfg = Release|Any CPU
		{A3D6BB06-3D92-4884-B760-993386C13E17}.Release|Any CPU.Build.0 = Release|Any CPU
	EndGlobalSection
	GlobalSection(SolutionProperties) = preSolution
		HideSolutionNode = FALSE
	EndGlobalSection
	GlobalSection(ExtensibilityGlobals) = postSolution
		SolutionGuid = {8120A758-5995-4F27-97F3-83F53E3FE672}
	EndGlobalSection
EndGlobal
