
Microsoft Visual Studio Solution File, Format Version 12.00
# Visual Studio Version 16
VisualStudioVersion = 16.0.30907.101
MinimumVisualStudioVersion = 10.0.40219.1
Project("{FAE04EC0-301F-11D3-BF4B-00C04F79EFBC}") = "WebApplication3", "WebApplication3\WebApplication3.csproj", "{92171BB0-B4CF-434A-BB48-39E49927F0E4}"
EndProject
Global
	GlobalSection(SolutionConfigurationPlatforms) = preSolution
		Debug|Any CPU = Debug|Any CPU
		Release|Any CPU = Release|Any CPU
	EndGlobalSection
	GlobalSection(ProjectConfigurationPlatforms) = postSolution
		{92171BB0-B4CF-434A-BB48-39E49927F0E4}.Debug|Any CPU.ActiveCfg = Debug|Any CPU
		{92171BB0-B4CF-434A-BB48-39E49927F0E4}.Debug|Any CPU.Build.0 = Debug|Any CPU
		{92171BB0-B4CF-434A-BB48-39E49927F0E4}.Release|Any CPU.ActiveCfg = Release|Any CPU
		{92171BB0-B4CF-434A-BB48-39E49927F0E4}.Release|Any CPU.Build.0 = Release|Any CPU
	EndGlobalSection
	GlobalSection(SolutionProperties) = preSolution
		HideSolutionNode = FALSE
	EndGlobalSection
	GlobalSection(ExtensibilityGlobals) = postSolution
		SolutionGuid = {1E7BC065-194A-4E1B-8FD5-33A4E6C0654E}
	EndGlobalSection
EndGlobal
