
Microsoft Visual Studio Solution File, Format Version 12.00
# Visual Studio Version 16
VisualStudioVersion = 16.0.31702.278
MinimumVisualStudioVersion = 10.0.40219.1
Project("{FAE04EC0-301F-11D3-BF4B-00C04F79EFBC}") = "Oparators", "Oparators\Oparators.csproj", "{4184DCCC-2D8B-44B4-9A2E-B4D4D9B97510}"
EndProject
Global
	GlobalSection(SolutionConfigurationPlatforms) = preSolution
		Debug|Any CPU = Debug|Any CPU
		Release|Any CPU = Release|Any CPU
	EndGlobalSection
	GlobalSection(ProjectConfigurationPlatforms) = postSolution
		{4184DCCC-2D8B-44B4-9A2E-B4D4D9B97510}.Debug|Any CPU.ActiveCfg = Debug|Any CPU
		{4184DCCC-2D8B-44B4-9A2E-B4D4D9B97510}.Debug|Any CPU.Build.0 = Debug|Any CPU
		{4184DCCC-2D8B-44B4-9A2E-B4D4D9B97510}.Release|Any CPU.ActiveCfg = Release|Any CPU
		{4184DCCC-2D8B-44B4-9A2E-B4D4D9B97510}.Release|Any CPU.Build.0 = Release|Any CPU
	EndGlobalSection
	GlobalSection(SolutionProperties) = preSolution
		HideSolutionNode = FALSE
	EndGlobalSection
	GlobalSection(ExtensibilityGlobals) = postSolution
		SolutionGuid = {8382EE7A-9240-4BBE-BF5B-6BF6D9ABDA43}
	EndGlobalSection
EndGlobal
