
Microsoft Visual Studio Solution File, Format Version 12.00
# Visual Studio Version 16
VisualStudioVersion = 16.0.31702.278
MinimumVisualStudioVersion = 10.0.40219.1
Project("{FAE04EC0-301F-11D3-BF4B-00C04F79EFBC}") = "İfElseExamps", "İfElseExamps\İfElseExamps.csproj", "{DF88D757-F66E-41AF-A9D6-9F1E7354EB31}"
EndProject
Global
	GlobalSection(SolutionConfigurationPlatforms) = preSolution
		Debug|Any CPU = Debug|Any CPU
		Release|Any CPU = Release|Any CPU
	EndGlobalSection
	GlobalSection(ProjectConfigurationPlatforms) = postSolution
		{DF88D757-F66E-41AF-A9D6-9F1E7354EB31}.Debug|Any CPU.ActiveCfg = Debug|Any CPU
		{DF88D757-F66E-41AF-A9D6-9F1E7354EB31}.Debug|Any CPU.Build.0 = Debug|Any CPU
		{DF88D757-F66E-41AF-A9D6-9F1E7354EB31}.Release|Any CPU.ActiveCfg = Release|Any CPU
		{DF88D757-F66E-41AF-A9D6-9F1E7354EB31}.Release|Any CPU.Build.0 = Release|Any CPU
	EndGlobalSection
	GlobalSection(SolutionProperties) = preSolution
		HideSolutionNode = FALSE
	EndGlobalSection
	GlobalSection(ExtensibilityGlobals) = postSolution
		SolutionGuid = {EC339041-411D-41D1-B4CF-F7983E553D4F}
	EndGlobalSection
EndGlobal
