
Microsoft Visual Studio Solution File, Format Version 12.00
# Visual Studio Version 16
VisualStudioVersion = 16.0.31702.278
MinimumVisualStudioVersion = 10.0.40219.1
Project("{FAE04EC0-301F-11D3-BF4B-00C04F79EFBC}") = "charproject", "charproject\charproject.csproj", "{E9A2F13F-9EEF-4262-A713-D3A9193C2643}"
EndProject
Global
	GlobalSection(SolutionConfigurationPlatforms) = preSolution
		Debug|Any CPU = Debug|Any CPU
		Release|Any CPU = Release|Any CPU
	EndGlobalSection
	GlobalSection(ProjectConfigurationPlatforms) = postSolution
		{E9A2F13F-9EEF-4262-A713-D3A9193C2643}.Debug|Any CPU.ActiveCfg = Debug|Any CPU
		{E9A2F13F-9EEF-4262-A713-D3A9193C2643}.Debug|Any CPU.Build.0 = Debug|Any CPU
		{E9A2F13F-9EEF-4262-A713-D3A9193C2643}.Release|Any CPU.ActiveCfg = Release|Any CPU
		{E9A2F13F-9EEF-4262-A713-D3A9193C2643}.Release|Any CPU.Build.0 = Release|Any CPU
	EndGlobalSection
	GlobalSection(SolutionProperties) = preSolution
		HideSolutionNode = FALSE
	EndGlobalSection
	GlobalSection(ExtensibilityGlobals) = postSolution
		SolutionGuid = {3B74270A-8656-4B6E-98E7-F7566BFBD636}
	EndGlobalSection
EndGlobal
