
Microsoft Visual Studio Solution File, Format Version 12.00
# Visual Studio Version 16
VisualStudioVersion = 16.0.31702.278
MinimumVisualStudioVersion = 10.0.40219.1
Project("{FAE04EC0-301F-11D3-BF4B-00C04F79EFBC}") = "Class", "Class\Class.csproj", "{83D67144-14AC-41DC-A59C-DEBA38B13DBE}"
EndProject
Global
	GlobalSection(SolutionConfigurationPlatforms) = preSolution
		Debug|Any CPU = Debug|Any CPU
		Release|Any CPU = Release|Any CPU
	EndGlobalSection
	GlobalSection(ProjectConfigurationPlatforms) = postSolution
		{83D67144-14AC-41DC-A59C-DEBA38B13DBE}.Debug|Any CPU.ActiveCfg = Debug|Any CPU
		{83D67144-14AC-41DC-A59C-DEBA38B13DBE}.Debug|Any CPU.Build.0 = Debug|Any CPU
		{83D67144-14AC-41DC-A59C-DEBA38B13DBE}.Release|Any CPU.ActiveCfg = Release|Any CPU
		{83D67144-14AC-41DC-A59C-DEBA38B13DBE}.Release|Any CPU.Build.0 = Release|Any CPU
	EndGlobalSection
	GlobalSection(SolutionProperties) = preSolution
		HideSolutionNode = FALSE
	EndGlobalSection
	GlobalSection(ExtensibilityGlobals) = postSolution
		SolutionGuid = {7D3511EF-CF8F-4192-805C-C1AC0296813D}
	EndGlobalSection
EndGlobal
